
Microsoft Visual Studio Solution File, Format Version 12.00
# Visual Studio Version 17
VisualStudioVersion = 17.7.33808.371
MinimumVisualStudioVersion = 10.0.40219.1
Project("{FAE04EC0-301F-11D3-BF4B-00C04F79EFBC}") = "MagicVilla_VillaAPI", "MagicVilla_VillaAPI\MagicVilla_VillaAPI.csproj", "{FB70EBDD-ADE3-4C8F-8034-08B22598EEA2}"
EndProject
Global
	GlobalSection(SolutionConfigurationPlatforms) = preSolution
		Debug|Any CPU = Debug|Any CPU
		Release|Any CPU = Release|Any CPU
	EndGlobalSection
	GlobalSection(ProjectConfigurationPlatforms) = postSolution
		{FB70EBDD-ADE3-4C8F-8034-08B22598EEA2}.Debug|Any CPU.ActiveCfg = Debug|Any CPU
		{FB70EBDD-ADE3-4C8F-8034-08B22598EEA2}.Debug|Any CPU.Build.0 = Debug|Any CPU
		{FB70EBDD-ADE3-4C8F-8034-08B22598EEA2}.Release|Any CPU.ActiveCfg = Release|Any CPU
		{FB70EBDD-ADE3-4C8F-8034-08B22598EEA2}.Release|Any CPU.Build.0 = Release|Any CPU
	EndGlobalSection
	GlobalSection(SolutionProperties) = preSolution
		HideSolutionNode = FALSE
	EndGlobalSection
	GlobalSection(ExtensibilityGlobals) = postSolution
		SolutionGuid = {27802B2E-4C9E-4C04-A150-9E8776D49012}
	EndGlobalSection
EndGlobal
